
Microsoft Visual Studio Solution File, Format Version 12.00
# Visual Studio Version 16
VisualStudioVersion = 16.0.29728.190
MinimumVisualStudioVersion = 10.0.40219.1
Project("{FAE04EC0-301F-11D3-BF4B-00C04F79EFBC}") = "CadastroMensageriaAngularJs", "CadastroMensageriaAngularJs\CadastroMensageriaAngularJs.csproj", "{607D59E1-08DF-4DEF-98AC-CB0BD780023E}"
EndProject
Global
	GlobalSection(SolutionConfigurationPlatforms) = preSolution
		Debug|Any CPU = Debug|Any CPU
		Release|Any CPU = Release|Any CPU
	EndGlobalSection
	GlobalSection(ProjectConfigurationPlatforms) = postSolution
		{607D59E1-08DF-4DEF-98AC-CB0BD780023E}.Debug|Any CPU.ActiveCfg = Debug|Any CPU
		{607D59E1-08DF-4DEF-98AC-CB0BD780023E}.Debug|Any CPU.Build.0 = Debug|Any CPU
		{607D59E1-08DF-4DEF-98AC-CB0BD780023E}.Release|Any CPU.ActiveCfg = Release|Any CPU
		{607D59E1-08DF-4DEF-98AC-CB0BD780023E}.Release|Any CPU.Build.0 = Release|Any CPU
	EndGlobalSection
	GlobalSection(SolutionProperties) = preSolution
		HideSolutionNode = FALSE
	EndGlobalSection
	GlobalSection(ExtensibilityGlobals) = postSolution
		SolutionGuid = {DC5EA014-E9DE-46B1-AB09-271203A6271F}
	EndGlobalSection
EndGlobal
